github.com/DemonDCC/go-examples v0.0.0-20190923161514-2c5a67b532b7 h1:lvxLroPwrUvFG0ulFc9z7gA6WN/I0hep8yTCqJCieh8=
github.com/DemonDCC/go-examples v0.0.0-20190923161514-2c5a67b532b7/go.mod h1:icxyzq7Jv56YSep3bE464VwGcrJD6S2opGOMUNuBZo8=
github.com/srfrog/dict v0.0.2 h1:N/PLhHdKf3SOrhL8gD3GIdP85MC2SBFIfZatA1EJCXo=
github.com/srfrog/dict v0.0.2/go.mod h1:tRfw6ykEYr6/iBz2EsG+7EFstnL9seG+HIIu/1f7VdY=
